PODS:
  - AppAuth (1.7.6):
    - AppAuth/Core (= 1.7.6)
    - AppAuth/ExternalUserAgent (= 1.7.6)
  - AppAuth/Core (1.7.6)
  - AppAuth/ExternalUserAgent (1.7.6):
    - AppAuth/Core
  - Capacitor (7.4.4):
    - CapacitorCordova
  - CapacitorCordova (7.4.4)
  - CapacitorFilesystem (7.1.5):
    - Capacitor
    - IONFilesystemLib (~> 1.0.1)
  - CapacitorFirebaseAuthentication (7.4.0):
    - Capacitor
    - CapacitorFirebaseAuthentication/Lite (= 7.4.0)
    - FirebaseAuth (~> 11.7.0)
  - CapacitorFirebaseAuthentication/Google (7.4.0):
    - Capacitor
    - FirebaseAuth (~> 11.7.0)
    - GoogleSignIn (= 7.1.0)
  - CapacitorFirebaseAuthentication/Lite (7.4.0):
    - Capacitor
    - FirebaseAuth (~> 11.7.0)
  - CapacitorPreferences (7.0.2):
    - Capacitor
  - CapacitorShare (7.0.2):
    - Capacitor
  - CapawesomeCapacitorFilePicker (7.2.0):
    - Capacitor
  - FirebaseAppCheckInterop (11.12.0)
  - FirebaseAuth (11.7.0):
    - FirebaseAppCheckInterop (~> 11.0)
    - FirebaseAuthInterop (~> 11.0)
    - FirebaseCore (~> 11.7.0)
    - FirebaseCoreExtension (~> 11.7.0)
    - GoogleUtilities/AppDelegateSwizzler (~> 8.0)
    - GoogleUtilities/Environment (~> 8.0)
    - GTMSessionFetcher/Core (< 5.0, >= 3.4)
    - RecaptchaInterop (~> 100.0)
  - FirebaseAuthInterop (11.12.0)
  - FirebaseCore (11.7.0):
    - FirebaseCoreInternal (~> 11.7.0)
    - GoogleUtilities/Environment (~> 8.0)
    - GoogleUtilities/Logger (~> 8.0)
  - FirebaseCoreExtension (11.7.0):
    - FirebaseCore (~> 11.7.0)
  - FirebaseCoreInternal (11.7.0):
    - "GoogleUtilities/NSData+zlib (~> 8.0)"
  - GoogleSignIn (7.1.0):
    - AppAuth (< 2.0, >= 1.7.3)
    - GTMAppAuth (< 5.0, >= 4.1.1)
    - GTMSessionFetcher/Core (~> 3.3)
  - GoogleUtilities/AppDelegateSwizzler (8.0.2):
    - GoogleUtilities/Environment
    - GoogleUtilities/Logger
    - GoogleUtilities/Network
    - GoogleUtilities/Privacy
  - GoogleUtilities/Environment (8.0.2):
    - GoogleUtilities/Privacy
  - GoogleUtilities/Logger (8.0.2):
    - GoogleUtilities/Environment
    - GoogleUtilities/Privacy
  - GoogleUtilities/Network (8.0.2):
    - GoogleUtilities/Logger
    - "GoogleUtilities/NSData+zlib"
    - GoogleUtilities/Privacy
    - GoogleUtilities/Reachability
  - "GoogleUtilities/NSData+zlib (8.0.2)":
    - GoogleUtilities/Privacy
  - GoogleUtilities/Privacy (8.0.2)
  - GoogleUtilities/Reachability (8.0.2):
    - GoogleUtilities/Logger
    - GoogleUtilities/Privacy
  - GTMAppAuth (4.1.1):
    - AppAuth/Core (~> 1.7)
    - GTMSessionFetcher/Core (< 4.0, >= 3.3)
  - GTMSessionFetcher/Core (3.5.0)
  - IONFilesystemLib (1.0.1)
  - RecaptchaInterop (100.0.0)

DEPENDENCIES:
  - "Capacitor (from `../../node_modules/@capacitor/ios`)"
  - "CapacitorCordova (from `../../node_modules/@capacitor/ios`)"
  - "CapacitorFilesystem (from `../../node_modules/@capacitor/filesystem`)"
  - "CapacitorFirebaseAuthentication (from `../../node_modules/@capacitor-firebase/authentication`)"
  - "CapacitorFirebaseAuthentication/Google (from `../../node_modules/@capacitor-firebase/authentication`)"
  - "CapacitorPreferences (from `../../node_modules/@capacitor/preferences`)"
  - "CapacitorShare (from `../../node_modules/@capacitor/share`)"
  - "CapawesomeCapacitorFilePicker (from `../../node_modules/@capawesome/capacitor-file-picker`)"

SPEC REPOS:
  trunk:
    - AppAuth
    - FirebaseAppCheckInterop
    - FirebaseAuth
    - FirebaseAuthInterop
    - FirebaseCore
    - FirebaseCoreExtension
    - FirebaseCoreInternal
    - GoogleSignIn
    - GoogleUtilities
    - GTMAppAuth
    - GTMSessionFetcher
    - IONFilesystemLib
    - RecaptchaInterop

EXTERNAL SOURCES:
  Capacitor:
    :path: "../../node_modules/@capacitor/ios"
  CapacitorCordova:
    :path: "../../node_modules/@capacitor/ios"
  CapacitorFilesystem:
    :path: "../../node_modules/@capacitor/filesystem"
  CapacitorFirebaseAuthentication:
    :path: "../../node_modules/@capacitor-firebase/authentication"
  CapacitorPreferences:
    :path: "../../node_modules/@capacitor/preferences"
  CapacitorShare:
    :path: "../../node_modules/@capacitor/share"
  CapawesomeCapacitorFilePicker:
    :path: "../../node_modules/@capawesome/capacitor-file-picker"

SPEC CHECKSUMS:
  AppAuth: d4f13a8fe0baf391b2108511793e4b479691fb73
  Capacitor: 358dd1c3fdd71d969547b17e159fd8a7736cb45f
  CapacitorCordova: bf648a636f3c153f652d312ae145fb508b6ffced
  CapacitorFilesystem: 609d5cceca1ed93d7f25839dbfdfd224bfe78209
  CapacitorFirebaseAuthentication: 2297f469e0f7a51a19446d28c452179675dfc330
  CapacitorPreferences: 65107ed7437d96ee72583df5763985e3c0ff2bc2
  CapacitorShare: be166411fa995ead2d39b104aa0aae56d8615c66
  CapawesomeCapacitorFilePicker: 0f4a913a00e39dd77213449f0d917e92f35a5ca9
  FirebaseAppCheckInterop: 73b173e5ec45192e2d522ad43f526a82ad10b852
  FirebaseAuth: 77e25aa24f3e1c626c5babd3338551fc1669ee0e
  FirebaseAuthInterop: b583210c039a60ed3f1e48865e1f3da44a796595
  FirebaseCore: 3227e35f4197a924206fbcdc0349325baf4f5de4
  FirebaseCoreExtension: 206c1b399f0d103055207c16f299b28e3dbd1949
  FirebaseCoreInternal: d6c17dafc8dc33614733a8b52df78fcb4394c881
  GoogleSignIn: d4281ab6cf21542b1cfaff85c191f230b399d2db
  GoogleUtilities: 26a3abef001b6533cf678d3eb38fd3f614b7872d
  GTMAppAuth: f69bd07d68cd3b766125f7e072c45d7340dea0de
  GTMSessionFetcher: 5aea5ba6bd522a239e236100971f10cb71b96ab6
  IONFilesystemLib: 89258b8e3e85465da93127d25d7ce37f977e8a6f
  RecaptchaInterop: 7d1a4a01a6b2cb1610a47ef3f85f0c411434cb21

PODFILE CHECKSUM: e296fd5377e1bb857c13c44b5c5e2faa30b81e02

COCOAPODS: 1.16.2
